
Microsoft Visual Studio Solution File, Format Version 12.00
# Visual Studio Version 17
VisualStudioVersion = 17.11.35222.181
MinimumVisualStudioVersion = 10.0.40219.1
Project("{FAE04EC0-301F-11D3-BF4B-00C04F79EFBC}") = "OnlineShopingStore", "OnlineShopingStore\OnlineShopingStore.csproj", "{D565C530-74F1-4DA4-868B-17F043A8E4AD}"
EndProject
Global
	GlobalSection(SolutionConfigurationPlatforms) = preSolution
		Debug|Any CPU = Debug|Any CPU
		Release|Any CPU = Release|Any CPU
	EndGlobalSection
	GlobalSection(ProjectConfigurationPlatforms) = postSolution
		{D565C530-74F1-4DA4-868B-17F043A8E4AD}.Debug|Any CPU.ActiveCfg = Debug|Any CPU
		{D565C530-74F1-4DA4-868B-17F043A8E4AD}.Debug|Any CPU.Build.0 = Debug|Any CPU
		{D565C530-74F1-4DA4-868B-17F043A8E4AD}.Release|Any CPU.ActiveCfg = Release|Any CPU
		{D565C530-74F1-4DA4-868B-17F043A8E4AD}.Release|Any CPU.Build.0 = Release|Any CPU
	EndGlobalSection
	GlobalSection(SolutionProperties) = preSolution
		HideSolutionNode = FALSE
	EndGlobalSection
	GlobalSection(ExtensibilityGlobals) = postSolution
		SolutionGuid = {27670F10-43CF-430B-BD87-F54580CE275B}
	EndGlobalSection
EndGlobal
